
Microsoft Visual Studio Solution File, Format Version 12.00
# Visual Studio 15
VisualStudioVersion = 15.0.27004.2005
MinimumVisualStudioVersion = 10.0.40219.1
Project("{FAE04EC0-301F-11D3-BF4B-00C04F79EFBC}") = "PlayWithRegex", "PlayWithRegex\PlayWithRegex.csproj", "{1862DD12-CC8E-4F73-BA56-C6E5A9A99F86}"
EndProject
Project("{FAE04EC0-301F-11D3-BF4B-00C04F79EFBC}") = "PlayWithRegexTests", "PlayWithRegexTests\PlayWithRegexTests.csproj", "{7CA9839B-6635-4235-932F-4F10663F0AA3}"
EndProject
Global
	GlobalSection(SolutionConfigurationPlatforms) = preSolution
		Debug|Any CPU = Debug|Any CPU
		Release|Any CPU = Release|Any CPU
	EndGlobalSection
	GlobalSection(ProjectConfigurationPlatforms) = postSolution
		{1862DD12-CC8E-4F73-BA56-C6E5A9A99F86}.Debug|Any CPU.ActiveCfg = Debug|Any CPU
		{1862DD12-CC8E-4F73-BA56-C6E5A9A99F86}.Debug|Any CPU.Build.0 = Debug|Any CPU
		{1862DD12-CC8E-4F73-BA56-C6E5A9A99F86}.Release|Any CPU.ActiveCfg = Release|Any CPU
		{1862DD12-CC8E-4F73-BA56-C6E5A9A99F86}.Release|Any CPU.Build.0 = Release|Any CPU
		{7CA9839B-6635-4235-932F-4F10663F0AA3}.Debug|Any CPU.ActiveCfg = Debug|Any CPU
		{7CA9839B-6635-4235-932F-4F10663F0AA3}.Debug|Any CPU.Build.0 = Debug|Any CPU
		{7CA9839B-6635-4235-932F-4F10663F0AA3}.Release|Any CPU.ActiveCfg = Release|Any CPU
		{7CA9839B-6635-4235-932F-4F10663F0AA3}.Release|Any CPU.Build.0 = Release|Any CPU
	EndGlobalSection
	GlobalSection(SolutionProperties) = preSolution
		HideSolutionNode = FALSE
	EndGlobalSection
	GlobalSection(ExtensibilityGlobals) = postSolution
		SolutionGuid = {9E336788-A10D-4F50-B3E6-37ADE258169C}
	EndGlobalSection
EndGlobal
