
Microsoft Visual Studio Solution File, Format Version 12.00
# Visual Studio 15
VisualStudioVersion = 15.0.27004.2005
MinimumVisualStudioVersion = 10.0.40219.1
Project("{FAE04EC0-301F-11D3-BF4B-00C04F79EFBC}") = "SeekAndArchive", "SeekAndArchive\SeekAndArchive.csproj", "{3AF911A4-8235-406C-B088-9DEF4886698E}"
EndProject
Global
	GlobalSection(SolutionConfigurationPlatforms) = preSolution
		Debug|Any CPU = Debug|Any CPU
		Release|Any CPU = Release|Any CPU
	EndGlobalSection
	GlobalSection(ProjectConfigurationPlatforms) = postSolution
		{3AF911A4-8235-406C-B088-9DEF4886698E}.Debug|Any CPU.ActiveCfg = Debug|Any CPU
		{3AF911A4-8235-406C-B088-9DEF4886698E}.Debug|Any CPU.Build.0 = Debug|Any CPU
		{3AF911A4-8235-406C-B088-9DEF4886698E}.Release|Any CPU.ActiveCfg = Release|Any CPU
		{3AF911A4-8235-406C-B088-9DEF4886698E}.Release|Any CPU.Build.0 = Release|Any CPU
	EndGlobalSection
	GlobalSection(SolutionProperties) = preSolution
		HideSolutionNode = FALSE
	EndGlobalSection
	GlobalSection(ExtensibilityGlobals) = postSolution
		SolutionGuid = {A8AD60AF-DB38-4EA0-A267-3CC8DB47970B}
	EndGlobalSection
EndGlobal
