
Microsoft Visual Studio Solution File, Format Version 12.00
# Visual Studio 15
VisualStudioVersion = 15.0.27004.2005
MinimumVisualStudioVersion = 10.0.40219.1
Project("{FAE04EC0-301F-11D3-BF4B-00C04F79EFBC}") = "SimpleThreadingDemo", "Threading\SimpleThreadingDemo.csproj", "{ED8F3338-95BC-4DA6-B7B4-9F84D496EE77}"
EndProject
Global
	GlobalSection(SolutionConfigurationPlatforms) = preSolution
		Debug|Any CPU = Debug|Any CPU
		Release|Any CPU = Release|Any CPU
	EndGlobalSection
	GlobalSection(ProjectConfigurationPlatforms) = postSolution
		{ED8F3338-95BC-4DA6-B7B4-9F84D496EE77}.Debug|Any CPU.ActiveCfg = Debug|Any CPU
		{ED8F3338-95BC-4DA6-B7B4-9F84D496EE77}.Debug|Any CPU.Build.0 = Debug|Any CPU
		{ED8F3338-95BC-4DA6-B7B4-9F84D496EE77}.Release|Any CPU.ActiveCfg = Release|Any CPU
		{ED8F3338-95BC-4DA6-B7B4-9F84D496EE77}.Release|Any CPU.Build.0 = Release|Any CPU
	EndGlobalSection
	GlobalSection(SolutionProperties) = preSolution
		HideSolutionNode = FALSE
	EndGlobalSection
	GlobalSection(ExtensibilityGlobals) = postSolution
		SolutionGuid = {F86C67EA-ED48-48E7-956F-6A6437417C26}
	EndGlobalSection
EndGlobal
