
Microsoft Visual Studio Solution File, Format Version 12.00
# Visual Studio 15
VisualStudioVersion = 15.0.27004.2005
MinimumVisualStudioVersion = 10.0.40219.1
Project("{FAE04EC0-301F-11D3-BF4B-00C04F79EFBC}") = "SerializePeople", "SerializePeople\SerializePeople.csproj", "{BAF791D2-3726-4010-9E38-F2C15905AE41}"
EndProject
Project("{FAE04EC0-301F-11D3-BF4B-00C04F79EFBC}") = "SerializePeopleTests", "SerializePeopleTests\SerializePeopleTests.csproj", "{1109F1B5-2A8C-4284-B771-EB9BFE2265E7}"
EndProject
Global
	GlobalSection(SolutionConfigurationPlatforms) = preSolution
		Debug|Any CPU = Debug|Any CPU
		Release|Any CPU = Release|Any CPU
	EndGlobalSection
	GlobalSection(ProjectConfigurationPlatforms) = postSolution
		{BAF791D2-3726-4010-9E38-F2C15905AE41}.Debug|Any CPU.ActiveCfg = Debug|Any CPU
		{BAF791D2-3726-4010-9E38-F2C15905AE41}.Debug|Any CPU.Build.0 = Debug|Any CPU
		{BAF791D2-3726-4010-9E38-F2C15905AE41}.Release|Any CPU.ActiveCfg = Release|Any CPU
		{BAF791D2-3726-4010-9E38-F2C15905AE41}.Release|Any CPU.Build.0 = Release|Any CPU
		{1109F1B5-2A8C-4284-B771-EB9BFE2265E7}.Debug|Any CPU.ActiveCfg = Debug|Any CPU
		{1109F1B5-2A8C-4284-B771-EB9BFE2265E7}.Debug|Any CPU.Build.0 = Debug|Any CPU
		{1109F1B5-2A8C-4284-B771-EB9BFE2265E7}.Release|Any CPU.ActiveCfg = Release|Any CPU
		{1109F1B5-2A8C-4284-B771-EB9BFE2265E7}.Release|Any CPU.Build.0 = Release|Any CPU
	EndGlobalSection
	GlobalSection(SolutionProperties) = preSolution
		HideSolutionNode = FALSE
	EndGlobalSection
	GlobalSection(ExtensibilityGlobals) = postSolution
		SolutionGuid = {127683C1-969C-4548-B486-8A33622B00A0}
	EndGlobalSection
EndGlobal
